{
  "name": "@tehshrike/duration-iso-8601",
  "version": "2.0.2",
  "lockfileVersion": 1,
  "requires": true,
  "dependencies": {
    "argparse": {
      "version": "1.0.10",
      "resolved": "https://registry.npmjs.org/argparse/-/argparse-1.0.10.tgz",
      "integrity": "sha512-o5Roy6tNG4SL/FOkCAN6RzjiakZS25RLYFrcMttJqbdd8BWrnA+fGz57iN5Pb06pvBGvl5gQ0B48dJlslXvoTg==",
      "dev": true,
      "requires": {
        "sprintf-js": "~1.0.2"
      }
    },
    "core-util-is": {
      "version": "1.0.2",
      "resolved": "https://registry.npmjs.org/core-util-is/-/core-util-is-1.0.2.tgz",
      "integrity": "sha1-tf1UIgqivFq1eqtxQMlAdUUDwac=",
      "dev": true
    },
    "deep-is": {
      "version": "0.1.3",
      "resolved": "https://registry.npmjs.org/deep-is/-/deep-is-0.1.3.tgz",
      "integrity": "sha1-s2nW+128E+7PUk+RsHD+7cNXzzQ=",
      "dev": true
    },
    "duplexer": {
      "version": "0.1.1",
      "resolved": "https://registry.npmjs.org/duplexer/-/duplexer-0.1.1.tgz",
      "integrity": "sha1-rOb/gIwc5mtX0ev5eXessCM0z8E=",
      "dev": true
    },
    "escodegen": {
      "version": "1.14.2",
      "resolved": "https://registry.npmjs.org/escodegen/-/escodegen-1.14.2.tgz",
      "integrity": "sha512-InuOIiKk8wwuOFg6x9BQXbzjrQhtyXh46K9bqVTPzSo2FnyMBaYGBMC6PhQy7yxxil9vIedFBweQBMK74/7o8A==",
      "dev": true,
      "requires": {
        "esprima": "^4.0.1",
        "estraverse": "^4.2.0",
        "esutils": "^2.0.2",
        "optionator": "^0.8.1",
        "source-map": "~0.6.1"
      },
      "dependencies": {
        "source-map": {
          "version": "0.6.1",
          "resolved": "https://registry.npmjs.org/source-map/-/source-map-0.6.1.tgz",
          "integrity": "sha512-UjgapumWlbMhkBgzT7Ykc5YXUT46F0iKu8SGXq0bcwP5dz/h0Plj6enJqjz1Zbq2l5WaqYnrVbwWOWMyF3F47g==",
          "dev": true,
          "optional": true
        }
      }
    },
    "esprima": {
      "version": "4.0.1",
      "resolved": "https://registry.npmjs.org/esprima/-/esprima-4.0.1.tgz",
      "integrity": "sha512-eGuFFw7Upda+g4p+QHvnW0RyTX/SVeJBDM/gCtMARO0cLuT2HcEKnTPvhjV6aGeqrCB/sbNop0Kszm0jsaWU4A==",
      "dev": true
    },
    "estraverse": {
      "version": "4.3.0",
      "resolved": "https://registry.npmjs.org/estraverse/-/estraverse-4.3.0.tgz",
      "integrity": "sha512-39nnKffWz8xN1BU/2c79n9nB9HDzo0niYUqx6xyqUnyoAnQyyWpOTdZEeiCch8BBu515t4wp9ZmgVfVhn9EBpw==",
      "dev": true
    },
    "esutils": {
      "version": "2.0.3",
      "resolved": "https://registry.npmjs.org/esutils/-/esutils-2.0.3.tgz",
      "integrity": "sha512-kVscqXk4OCp68SZ0dkgEKVi6/8ij300KBWTJq32P/dYeWTSwK41WyTxalN1eRmA5Z9UU/LX9D7FWSmV9SAYx6g==",
      "dev": true
    },
    "fast-levenshtein": {
      "version": "2.0.6",
      "resolved": "https://registry.npmjs.org/fast-levenshtein/-/fast-levenshtein-2.0.6.tgz",
      "integrity": "sha1-PYpcZog6FqMMqGQ+hR8Zuqd5eRc=",
      "dev": true
    },
    "inherits": {
      "version": "2.0.4",
      "resolved": "https://registry.npmjs.org/inherits/-/inherits-2.0.4.tgz",
      "integrity": "sha512-k/vGaX4/Yla3WzyMCvTQOXYeIHvqOKtnqBduzTHpzpQZzAskKMhZ2K+EnBiSM9zGSoIFeMpXKxa4dYeZIQqewQ==",
      "dev": true
    },
    "isarray": {
      "version": "1.0.0",
      "resolved": "https://registry.npmjs.org/isarray/-/isarray-1.0.0.tgz",
      "integrity": "sha1-u5NdSFgsuhaMBoNJV6VKPgcSTxE=",
      "dev": true
    },
    "js-yaml": {
      "version": "3.14.0",
      "resolved": "https://registry.npmjs.org/js-yaml/-/js-yaml-3.14.0.tgz",
      "integrity": "sha512-/4IbIeHcD9VMHFqDR/gQ7EdZdLimOvW2DdcxFjdyyZ9NsbS+ccrXqVWDtab/lRl5AlUqmpBx8EhPaWR+OtY17A==",
      "dev": true,
      "requires": {
        "argparse": "^1.0.7",
        "esprima": "^4.0.0"
      }
    },
    "jsmd": {
      "version": "1.0.2",
      "resolved": "https://registry.npmjs.org/jsmd/-/jsmd-1.0.2.tgz",
      "integrity": "sha512-mrQ80ysClsuw4QASa7JcjpwgTADBclo9LgIPDERD99tsfVcXGEHjkX50Q9N0NSmX1Zq3xxQYAA8fuN9GHk1Beg==",
      "dev": true,
      "requires": {
        "escodegen": "^1.9.1",
        "esprima": "^2.7.3",
        "estraverse": "^4.2.0",
        "marked": "^0.7.0",
        "v8-argv": "github:jkroso/v8-argv#1.1.1"
      },
      "dependencies": {
        "esprima": {
          "version": "2.7.3",
          "resolved": "https://registry.npmjs.org/esprima/-/esprima-2.7.3.tgz",
          "integrity": "sha1-luO3DVd59q1JzQMmc9HDEnZ7pYE=",
          "dev": true
        }
      }
    },
    "levn": {
      "version": "0.3.0",
      "resolved": "https://registry.npmjs.org/levn/-/levn-0.3.0.tgz",
      "integrity": "sha1-OwmSTt+fCDwEkP3UwLxEIeBHZO4=",
      "dev": true,
      "requires": {
        "prelude-ls": "~1.1.2",
        "type-check": "~0.3.2"
      }
    },
    "marked": {
      "version": "0.7.0",
      "resolved": "https://registry.npmjs.org/marked/-/marked-0.7.0.tgz",
      "integrity": "sha512-c+yYdCZJQrsRjTPhUx7VKkApw9bwDkNbHUKo1ovgcfDjb2kc8rLuRbIFyXL5WOEUwzSSKo3IXpph2K6DqB/KZg==",
      "dev": true
    },
    "optionator": {
      "version": "0.8.3",
      "resolved": "https://registry.npmjs.org/optionator/-/optionator-0.8.3.tgz",
      "integrity": "sha512-+IW9pACdk3XWmmTXG8m3upGUJst5XRGzxMRjXzAuJ1XnIFNvfhjjIuYkDvysnPQ7qzqVzLt78BCruntqRhWQbA==",
      "dev": true,
      "requires": {
        "deep-is": "~0.1.3",
        "fast-levenshtein": "~2.0.6",
        "levn": "~0.3.0",
        "prelude-ls": "~1.1.2",
        "type-check": "~0.3.2",
        "word-wrap": "~1.2.3"
      }
    },
    "prelude-ls": {
      "version": "1.1.2",
      "resolved": "https://registry.npmjs.org/prelude-ls/-/prelude-ls-1.1.2.tgz",
      "integrity": "sha1-IZMqVJ9eUv/ZqCf1cOBL5iqX2lQ=",
      "dev": true
    },
    "process-nextick-args": {
      "version": "2.0.1",
      "resolved": "https://registry.npmjs.org/process-nextick-args/-/process-nextick-args-2.0.1.tgz",
      "integrity": "sha512-3ouUOpQhtgrbOa17J7+uxOTpITYWaGP7/AhoR3+A+/1e9skrzelGi/dXzEYyvbxubEF6Wn2ypscTKiKJFFn1ag==",
      "dev": true
    },
    "readable-stream": {
      "version": "2.3.7",
      "resolved": "https://registry.npmjs.org/readable-stream/-/readable-stream-2.3.7.tgz",
      "integrity": "sha512-Ebho8K4jIbHAxnuxi7o42OrZgF/ZTNcsZj6nRKyUmkhLFq8CHItp/fy6hQZuZmP/n3yZ9VBUbp4zz/mX8hmYPw==",
      "dev": true,
      "requires": {
        "core-util-is": "~1.0.0",
        "inherits": "~2.0.3",
        "isarray": "~1.0.0",
        "process-nextick-args": "~2.0.0",
        "safe-buffer": "~5.1.1",
        "string_decoder": "~1.1.1",
        "util-deprecate": "~1.0.1"
      }
    },
    "safe-buffer": {
      "version": "5.1.2",
      "resolved": "https://registry.npmjs.org/safe-buffer/-/safe-buffer-5.1.2.tgz",
      "integrity": "sha512-Gd2UZBJDkXlY7GbJxfsE8/nvKkUEU1G38c1siN6QP6a9PT9MmHB8GnpscSmMJSoF8LOIrt8ud/wPtojys4G6+g==",
      "dev": true
    },
    "split2": {
      "version": "2.2.0",
      "resolved": "https://registry.npmjs.org/split2/-/split2-2.2.0.tgz",
      "integrity": "sha512-RAb22TG39LhI31MbreBgIuKiIKhVsawfTgEGqKHTK87aG+ul/PB8Sqoi3I7kVdRWiCfrKxK3uo4/YUkpNvhPbw==",
      "dev": true,
      "requires": {
        "through2": "^2.0.2"
      }
    },
    "sprintf-js": {
      "version": "1.0.3",
      "resolved": "https://registry.npmjs.org/sprintf-js/-/sprintf-js-1.0.3.tgz",
      "integrity": "sha1-BOaSb2YolTVPPdAVIDYzuFcpfiw=",
      "dev": true
    },
    "string_decoder": {
      "version": "1.1.1",
      "resolved": "https://registry.npmjs.org/string_decoder/-/string_decoder-1.1.1.tgz",
      "integrity": "sha512-n/ShnvDi6FHbbVfviro+WojiFzv+s8MPMHBczVePfUpDJLwoLT0ht1l4YwBCbi8pJAveEEdnkHyPyTP/mzRfwg==",
      "dev": true,
      "requires": {
        "safe-buffer": "~5.1.0"
      }
    },
    "tap-exit-code": {
      "version": "2.0.0",
      "resolved": "https://registry.npmjs.org/tap-exit-code/-/tap-exit-code-2.0.0.tgz",
      "integrity": "sha512-T1JrwCn2lLqdENapNGRAXRbNW9Z1bQDIjtVRAwxYwHhqTR9skVQlfyyQqAUVPgW6awHdV/v0BvS2KNDgm1pzDA==",
      "dev": true,
      "requires": {
        "duplexer": "^0.1.1",
        "tap_parser": "^1.0.3",
        "throo": "^1.0.0",
        "through2": "^2.0.1"
      }
    },
    "tap-lexer": {
      "version": "1.0.3",
      "resolved": "https://registry.npmjs.org/tap-lexer/-/tap-lexer-1.0.3.tgz",
      "integrity": "sha1-69SlqQUAL1EYVYtptmYerZXkpRg=",
      "dev": true,
      "requires": {
        "duplexer": "0.1.1",
        "split2": "^2.1.0",
        "through2": "^2.0.1"
      }
    },
    "tap-line-parsers": {
      "version": "1.0.2",
      "resolved": "https://registry.npmjs.org/tap-line-parsers/-/tap-line-parsers-1.0.2.tgz",
      "integrity": "sha1-SKZwj3uk/wXCmRTLsBlb7ex1B4w=",
      "dev": true
    },
    "tap_parser": {
      "version": "1.0.4",
      "resolved": "https://registry.npmjs.org/tap_parser/-/tap_parser-1.0.4.tgz",
      "integrity": "sha1-6x3Lov0IMzKB3dKH1NFatz/1U1A=",
      "dev": true,
      "requires": {
        "duplexer": "^0.1.1",
        "js-yaml": "^3.6.1",
        "tap-lexer": "^1.0.2",
        "tap-line-parsers": "^1.0.1",
        "throo": "^1.0.0",
        "through2": "^2.0.1"
      }
    },
    "throo": {
      "version": "1.0.1",
      "resolved": "https://registry.npmjs.org/throo/-/throo-1.0.1.tgz",
      "integrity": "sha1-7vwR++Jhsgmrw4KgCFSGs0P8eU8=",
      "dev": true
    },
    "through2": {
      "version": "2.0.5",
      "resolved": "https://registry.npmjs.org/through2/-/through2-2.0.5.tgz",
      "integrity": "sha512-/mrRod8xqpA+IHSLyGCQ2s8SPHiCDEeQJSep1jqLYeEUClOFG2Qsh+4FU6G9VeqpZnGW/Su8LQGc4YKni5rYSQ==",
      "dev": true,
      "requires": {
        "readable-stream": "~2.3.6",
        "xtend": "~4.0.1"
      }
    },
    "type-check": {
      "version": "0.3.2",
      "resolved": "https://registry.npmjs.org/type-check/-/type-check-0.3.2.tgz",
      "integrity": "sha1-WITKtRLPHTVeP7eE8wgEsrUg23I=",
      "dev": true,
      "requires": {
        "prelude-ls": "~1.1.2"
      }
    },
    "util-deprecate": {
      "version": "1.0.2",
      "resolved": "https://registry.npmjs.org/util-deprecate/-/util-deprecate-1.0.2.tgz",
      "integrity": "sha1-RQ1Nyfpw3nMnYvvS1KKJgUGaDM8=",
      "dev": true
    },
    "v8-argv": {
      "version": "github:jkroso/v8-argv#284f84379e292eb956a5e7b66fb953ec4974385e",
      "from": "github:jkroso/v8-argv#1.1.1",
      "dev": true
    },
    "word-wrap": {
      "version": "1.2.3",
      "resolved": "https://registry.npmjs.org/word-wrap/-/word-wrap-1.2.3.tgz",
      "integrity": "sha512-Hz/mrNwitNRh/HUAtM/VT/5VH+ygD6DV7mYKZAtHOrbs8U7lvPS6xf7EJKMF0uW1KJCl0H701g3ZGus+muE5vQ==",
      "dev": true
    },
    "xtend": {
      "version": "4.0.2",
      "resolved": "https://registry.npmjs.org/xtend/-/xtend-4.0.2.tgz",
      "integrity": "sha512-LKYU1iAXJXUgAXn9URjiu+MWhyUXHsvfp7mcuYm9dSUKK0/CjtrUwFAxD82/mCWbtLsGjFIad0wIsod4zrTAEQ==",
      "dev": true
    },
    "zora": {
      "version": "4.0.0",
      "resolved": "https://registry.npmjs.org/zora/-/zora-4.0.0.tgz",
      "integrity": "sha512-ZmINt/1QY3p0+3FnvTTEKV+QWdC/srp2bHoTNzHy2/ij/BjVHBu2TkWMMBu3mEuxl6uLSb4eL7rJ7h/pX3kFPQ==",
      "dev": true
    }
  }
}
